// !$*UTF8*$!
{
	archiveVersion = 1;
	classes = {
	};
	objectVersion = 51;
	objects = {

/* Begin PBXBuildFile section */
		12D75B3CA21895F8F9C0B516 /* Pods_BookStore.framework in Frameworks */ = {isa = PBXBuildFile; fileRef = DA7DB48166D00CDD7618B837 /* Pods_BookStore.framework */; };
		624EDCC72643946F00696A7B /* UserObject.swift in Sources */ = {isa = PBXBuildFile; fileRef = 624EDCC62643946F00696A7B /* UserObject.swift */; };
		629E261B2641A4C20094C88B /* GoogleService-Info.plist in Resources */ = {isa = PBXBuildFile; fileRef = 629E261A2641A4C20094C88B /* GoogleService-Info.plist */; };
		DD6FCEB925E7FAD000619EF6 /* ViewAllVC.swift in Sources */ = {isa = PBXBuildFile; fileRef = DD6FCEB825E7FAD000619EF6 /* ViewAllVC.swift */; };
		DD74591D25E67E1500B039AB /* HomeVC.swift in Sources */ = {isa = PBXBuildFile; fileRef = DD74591C25E67E1500B039AB /* HomeVC.swift */; };
		DD787CAD25EBE7DF00C3E85E /* SettingsVC.swift in Sources */ = {isa = PBXBuildFile; fileRef = DD787CAC25EBE7DF00C3E85E /* SettingsVC.swift */; };
		DD84789225E587720085B3BA /* AppDelegate.swift in Sources */ = {isa = PBXBuildFile; fileRef = DD84789125E587720085B3BA /* AppDelegate.swift */; };
		DD84789425E587720085B3BA /* SceneDelegate.swift in Sources */ = {isa = PBXBuildFile; fileRef = DD84789325E587720085B3BA /* SceneDelegate.swift */; };
		DD84789925E587720085B3BA /* Main.storyboard in Resources */ = {isa = PBXBuildFile; fileRef = DD84789725E587720085B3BA /* Main.storyboard */; };
		DD84789C25E587720085B3BA /* BookStore.xcdatamodeld in Sources */ = {isa = PBXBuildFile; fileRef = DD84789A25E587720085B3BA /* BookStore.xcdatamodeld */; };
		DD84789E25E587750085B3BA /* Assets.xcassets in Resources */ = {isa = PBXBuildFile; fileRef = DD84789D25E587750085B3BA /* Assets.xcassets */; };
		DD8478A125E587750085B3BA /* LaunchScreen.storyboard in Resources */ = {isa = PBXBuildFile; fileRef = DD84789F25E587750085B3BA /* LaunchScreen.storyboard */; };
		DD8478AB25E5EE440085B3BA /* OffersCell.xib in Resources */ = {isa = PBXBuildFile; fileRef = DD8478AA25E5EE440085B3BA /* OffersCell.xib */; };
		DD8478AE25E5EE530085B3BA /* OffersCell.swift in Sources */ = {isa = PBXBuildFile; fileRef = DD8478AD25E5EE530085B3BA /* OffersCell.swift */; };
		DD8478B125E5F22D0085B3BA /* BookObject.swift in Sources */ = {isa = PBXBuildFile; fileRef = DD8478B025E5F22C0085B3BA /* BookObject.swift */; };
		DD986B8625E85EB30096E44E /* AddEditVC.swift in Sources */ = {isa = PBXBuildFile; fileRef = DD986B8525E85EB30096E44E /* AddEditVC.swift */; };
		DD9E229A25EBD75200A78E63 /* InvoiceCell.swift in Sources */ = {isa = PBXBuildFile; fileRef = DD9E229825EBD75100A78E63 /* InvoiceCell.swift */; };
		DD9E229B25EBD75200A78E63 /* InvoiceCell.xib in Resources */ = {isa = PBXBuildFile; fileRef = DD9E229925EBD75100A78E63 /* InvoiceCell.xib */; };
		DD9E229F25EBD9FA00A78E63 /* InvoiceVC.swift in Sources */ = {isa = PBXBuildFile; fileRef = DD9E229E25EBD9FA00A78E63 /* InvoiceVC.swift */; };
		DDA491B425E9BF800051BD27 /* CartVC.swift in Sources */ = {isa = PBXBuildFile; fileRef = DDA491B325E9BF800051BD27 /* CartVC.swift */; };
		DDA491BD25E9C3C70051BD27 /* MovieCell.swift in Sources */ = {isa = PBXBuildFile; fileRef = DDA491BB25E9C3C70051BD27 /* MovieCell.swift */; };
		DDA491BE25E9C3C70051BD27 /* MovieCell.xib in Resources */ = {isa = PBXBuildFile; fileRef = DDA491BC25E9C3C70051BD27 /* MovieCell.xib */; };
		DDA79F3425E9394000D6E3F4 /* BookVC.swift in Sources */ = {isa = PBXBuildFile; fileRef = DDA79F3325E9394000D6E3F4 /* BookVC.swift */; };
		DDFA3BC525E6B1BC0039AF84 /* SearchVC.swift in Sources */ = {isa = PBXBuildFile; fileRef = DDFA3BC425E6B1BC0039AF84 /* SearchVC.swift */; };
/* End PBXBuildFile section */

/* Begin PBXFileReference section */
		245E03C9F3481471A1E4A92B /* Pods-BookStore.debug.xcconfig */ = {isa = PBXFileReference; includeInIndex = 1; lastKnownFileType = text.xcconfig; name = "Pods-BookStore.debug.xcconfig"; path = "Target Support Files/Pods-BookStore/Pods-BookStore.debug.xcconfig"; sourceTree = "<group>"; };
		624EDCC62643946F00696A7B /* UserObject.swift */ = {isa = PBXFileReference; lastKnownFileType = sourcecode.swift; path = UserObject.swift; sourceTree = "<group>"; };
		629E261A2641A4C20094C88B /* GoogleService-Info.plist */ = {isa = PBXFileReference; fileEncoding = 4; lastKnownFileType = text.plist.xml; path = "GoogleService-Info.plist"; sourceTree = "<group>"; };
		A151F87C41203B90D3D4E77D /* Pods-BookStore.release.xcconfig */ = {isa = PBXFileReference; includeInIndex = 1; lastKnownFileType = text.xcconfig; name = "Pods-BookStore.release.xcconfig"; path = "Target Support Files/Pods-BookStore/Pods-BookStore.release.xcconfig"; sourceTree = "<group>"; };
		DA7DB48166D00CDD7618B837 /* Pods_BookStore.framework */ = {isa = PBXFileReference; explicitFileType = wrapper.framework; includeInIndex = 0; path = Pods_BookStore.framework; sourceTree = BUILT_PRODUCTS_DIR; };
		DD6FCEB825E7FAD000619EF6 /* ViewAllVC.swift */ = {isa = PBXFileReference; lastKnownFileType = sourcecode.swift; path = ViewAllVC.swift; sourceTree = "<group>"; };
		DD74591C25E67E1500B039AB /* HomeVC.swift */ = {isa = PBXFileReference; lastKnownFileType = sourcecode.swift; path = HomeVC.swift; sourceTree = "<group>"; };
		DD787CAC25EBE7DF00C3E85E /* SettingsVC.swift */ = {isa = PBXFileReference; lastKnownFileType = sourcecode.swift; path = SettingsVC.swift; sourceTree = "<group>"; };
		DD84788E25E587720085B3BA /* BookStore.app */ = {isa = PBXFileReference; explicitFileType = wrapper.application; includeInIndex = 0; path = BookStore.app; sourceTree = BUILT_PRODUCTS_DIR; };
		DD84789125E587720085B3BA /* AppDelegate.swift */ = {isa = PBXFileReference; lastKnownFileType = sourcecode.swift; path = AppDelegate.swift; sourceTree = "<group>"; };
		DD84789325E587720085B3BA /* SceneDelegate.swift */ = {isa = PBXFileReference; lastKnownFileType = sourcecode.swift; path = SceneDelegate.swift; sourceTree = "<group>"; };
		DD84789825E587720085B3BA /* Base */ = {isa = PBXFileReference; lastKnownFileType = file.storyboard; name = Base; path = Base.lproj/Main.storyboard; sourceTree = "<group>"; };
		DD84789B25E587720085B3BA /* BookStore.xcdatamodel */ = {isa = PBXFileReference; lastKnownFileType = wrapper.xcdatamodel; path = BookStore.xcdatamodel; sourceTree = "<group>"; };
		DD84789D25E587750085B3BA /* Assets.xcassets */ = {isa = PBXFileReference; lastKnownFileType = folder.assetcatalog; path = Assets.xcassets; sourceTree = "<group>"; };
		DD8478A025E587750085B3BA /* Base */ = {isa = PBXFileReference; lastKnownFileType = file.storyboard; name = Base; path = Base.lproj/LaunchScreen.storyboard; sourceTree = "<group>"; };
		DD8478A225E587750085B3BA /* Info.plist */ = {isa = PBXFileReference; lastKnownFileType = text.plist.xml; path = Info.plist; sourceTree = "<group>"; };
		DD8478AA25E5EE440085B3BA /* OffersCell.xib */ = {isa = PBXFileReference; fileEncoding = 4; lastKnownFileType = file.xib; path = OffersCell.xib; sourceTree = "<group>"; };
		DD8478AD25E5EE530085B3BA /* OffersCell.swift */ = {isa = PBXFileReference; lastKnownFileType = sourcecode.swift; path = OffersCell.swift; sourceTree = "<group>"; };
		DD8478B025E5F22C0085B3BA /* BookObject.swift */ = {isa = PBXFileReference; fileEncoding = 4; lastKnownFileType = sourcecode.swift; path = BookObject.swift; sourceTree = "<group>"; };
		DD986B8525E85EB30096E44E /* AddEditVC.swift */ = {isa = PBXFileReference; fileEncoding = 4; lastKnownFileType = sourcecode.swift; path = AddEditVC.swift; sourceTree = "<group>"; };
		DD9E229825EBD75100A78E63 /* InvoiceCell.swift */ = {isa = PBXFileReference; lastKnownFileType = sourcecode.swift; path = InvoiceCell.swift; sourceTree = "<group>"; };
		DD9E229925EBD75100A78E63 /* InvoiceCell.xib */ = {isa = PBXFileReference; lastKnownFileType = file.xib; path = InvoiceCell.xib; sourceTree = "<group>"; };
		DD9E229E25EBD9FA00A78E63 /* InvoiceVC.swift */ = {isa = PBXFileReference; lastKnownFileType = sourcecode.swift; path = InvoiceVC.swift; sourceTree = "<group>"; };
		DDA491B325E9BF800051BD27 /* CartVC.swift */ = {isa = PBXFileReference; lastKnownFileType = sourcecode.swift; path = CartVC.swift; sourceTree = "<group>"; };
		DDA491BB25E9C3C70051BD27 /* MovieCell.swift */ = {isa = PBXFileReference; fileEncoding = 4; lastKnownFileType = sourcecode.swift; path = MovieCell.swift; sourceTree = "<group>"; };
		DDA491BC25E9C3C70051BD27 /* MovieCell.xib */ = {isa = PBXFileReference; fileEncoding = 4; lastKnownFileType = file.xib; path = MovieCell.xib; sourceTree = "<group>"; };
		DDA79F3325E9394000D6E3F4 /* BookVC.swift */ = {isa = PBXFileReference; lastKnownFileType = sourcecode.swift; path = BookVC.swift; sourceTree = "<group>"; };
		DDFA3BC425E6B1BC0039AF84 /* SearchVC.swift */ = {isa = PBXFileReference; fileEncoding = 4; lastKnownFileType = sourcecode.swift; path = SearchVC.swift; sourceTree = "<group>"; };
/* End PBXFileReference section */

/* Begin PBXFrameworksBuildPhase section */
		DD84788B25E587720085B3BA /* Frameworks */ = {
			isa = PBXFrameworksBuildPhase;
			buildActionMask = 2147483647;
			files = (
				12D75B3CA21895F8F9C0B516 /* Pods_BookStore.framework in Frameworks */,
			);
			runOnlyForDeploymentPostprocessing = 0;
		};
/* End PBXFrameworksBuildPhase section */

/* Begin PBXGroup section */
		5F5058CEA668A879435A4AD1 /* Frameworks */ = {
			isa = PBXGroup;
			children = (
				DA7DB48166D00CDD7618B837 /* Pods_BookStore.framework */,
			);
			name = Frameworks;
			sourceTree = "<group>";
		};
		A71F07AF4167FDA6586C1AA3 /* Pods */ = {
			isa = PBXGroup;
			children = (
				245E03C9F3481471A1E4A92B /* Pods-BookStore.debug.xcconfig */,
				A151F87C41203B90D3D4E77D /* Pods-BookStore.release.xcconfig */,
			);
			path = Pods;
			sourceTree = "<group>";
		};
		DD84788525E587720085B3BA = {
			isa = PBXGroup;
			children = (
				DD84789025E587720085B3BA /* BookStore */,
				DD84788F25E587720085B3BA /* Products */,
				A71F07AF4167FDA6586C1AA3 /* Pods */,
				5F5058CEA668A879435A4AD1 /* Frameworks */,
			);
			sourceTree = "<group>";
		};
		DD84788F25E587720085B3BA /* Products */ = {
			isa = PBXGroup;
			children = (
				DD84788E25E587720085B3BA /* BookStore.app */,
			);
			name = Products;
			sourceTree = "<group>";
		};
		DD84789025E587720085B3BA /* BookStore */ = {
			isa = PBXGroup;
			children = (
				DD84789125E587720085B3BA /* AppDelegate.swift */,
				DD84789325E587720085B3BA /* SceneDelegate.swift */,
				DD84789725E587720085B3BA /* Main.storyboard */,
				DD986B8925E85EDA0096E44E /* Controllers */,
				DD986B8825E85EC50096E44E /* Xibs */,
				DD8478B025E5F22C0085B3BA /* BookObject.swift */,
				624EDCC62643946F00696A7B /* UserObject.swift */,
				DD84789D25E587750085B3BA /* Assets.xcassets */,
				DD84789F25E587750085B3BA /* LaunchScreen.storyboard */,
				DD8478A225E587750085B3BA /* Info.plist */,
				DD84789A25E587720085B3BA /* BookStore.xcdatamodeld */,
				629E261A2641A4C20094C88B /* GoogleService-Info.plist */,
			);
			path = BookStore;
			sourceTree = "<group>";
		};
		DD986B8825E85EC50096E44E /* Xibs */ = {
			isa = PBXGroup;
			children = (
				DD9E229825EBD75100A78E63 /* InvoiceCell.swift */,
				DD9E229925EBD75100A78E63 /* InvoiceCell.xib */,
				DDA491BB25E9C3C70051BD27 /* MovieCell.swift */,
				DDA491BC25E9C3C70051BD27 /* MovieCell.xib */,
				DD8478AA25E5EE440085B3BA /* OffersCell.xib */,
				DD8478AD25E5EE530085B3BA /* OffersCell.swift */,
			);
			path = Xibs;
			sourceTree = "<group>";
		};
		DD986B8925E85EDA0096E44E /* Controllers */ = {
			isa = PBXGroup;
			children = (
				DDFA3BC425E6B1BC0039AF84 /* SearchVC.swift */,
				DD9E229E25EBD9FA00A78E63 /* InvoiceVC.swift */,
				DD986B8525E85EB30096E44E /* AddEditVC.swift */,
				DD787CAC25EBE7DF00C3E85E /* SettingsVC.swift */,
				DD6FCEB825E7FAD000619EF6 /* ViewAllVC.swift */,
				DD74591C25E67E1500B039AB /* HomeVC.swift */,
				DDA79F3325E9394000D6E3F4 /* BookVC.swift */,
				DDA491B325E9BF800051BD27 /* CartVC.swift */,
			);
			path = Controllers;
			sourceTree = "<group>";
		};
/* End PBXGroup section */

/* Begin PBXNativeTarget section */
		DD84788D25E587720085B3BA /* BookStore */ = {
			isa = PBXNativeTarget;
			buildConfigurationList = DD8478A525E587750085B3BA /* Build configuration list for PBXNativeTarget "BookStore" */;
			buildPhases = (
				1EAFF6C31E108D40978F11FF /* [CP] Check Pods Manifest.lock */,
				DD84788A25E587720085B3BA /* Sources */,
				DD84788B25E587720085B3BA /* Frameworks */,
				DD84788C25E587720085B3BA /* Resources */,
				5C6CE433DBC106042BCF5FA5 /* [CP] Embed Pods Frameworks */,
			);
			buildRules = (
			);
			dependencies = (
			);
			name = BookStore;
			productName = BookStore;
			productReference = DD84788E25E587720085B3BA /* BookStore.app */;
			productType = "com.apple.product-type.application";
		};
/* End PBXNativeTarget section */

/* Begin PBXProject section */
		DD84788625E587720085B3BA /* Project object */ = {
			isa = PBXProject;
			attributes = {
				LastSwiftUpdateCheck = 1200;
				LastUpgradeCheck = 1200;
				TargetAttributes = {
					DD84788D25E587720085B3BA = {
						CreatedOnToolsVersion = 12.0.1;
					};
				};
			};
			buildConfigurationList = DD84788925E587720085B3BA /* Build configuration list for PBXProject "BookStore" */;
			compatibilityVersion = "Xcode 9.3";
			developmentRegion = en;
			hasScannedForEncodings = 0;
			knownRegions = (
				en,
				Base,
			);
			mainGroup = DD84788525E587720085B3BA;
			productRefGroup = DD84788F25E587720085B3BA /* Products */;
			projectDirPath = "";
			projectRoot = "";
			targets = (
				DD84788D25E587720085B3BA /* BookStore */,
			);
		};
/* End PBXProject section */

/* Begin PBXResourcesBuildPhase section */
		DD84788C25E587720085B3BA /* Resources */ = {
			isa = PBXResourcesBuildPhase;
			buildActionMask = 2147483647;
			files = (
				DD8478AB25E5EE440085B3BA /* OffersCell.xib in Resources */,
				DD8478A125E587750085B3BA /* LaunchScreen.storyboard in Resources */,
				DD84789E25E587750085B3BA /* Assets.xcassets in Resources */,
				DD84789925E587720085B3BA /* Main.storyboard in Resources */,
				DDA491BE25E9C3C70051BD27 /* MovieCell.xib in Resources */,
				DD9E229B25EBD75200A78E63 /* InvoiceCell.xib in Resources */,
				629E261B2641A4C20094C88B /* GoogleService-Info.plist in Resources */,
			);
			runOnlyForDeploymentPostprocessing = 0;
		};
/* End PBXResourcesBuildPhase section */

/* Begin PBXShellScriptBuildPhase section */
		1EAFF6C31E108D40978F11FF /* [CP] Check Pods Manifest.lock */ = {
			isa = PBXShellScriptBuildPhase;
			buildActionMask = 2147483647;
			files = (
			);
			inputFileListPaths = (
			);
			inputPaths = (
				"${PODS_PODFILE_DIR_PATH}/Podfile.lock",
				"${PODS_ROOT}/Manifest.lock",
			);
			name = "[CP] Check Pods Manifest.lock";
			outputFileListPaths = (
			);
			outputPaths = (
				"$(DERIVED_FILE_DIR)/Pods-BookStore-checkManifestLockResult.txt",
			);
			runOnlyForDeploymentPostprocessing = 0;
			shellPath = /bin/sh;
			shellScript = "diff \"${PODS_PODFILE_DIR_PATH}/Podfile.lock\" \"${PODS_ROOT}/Manifest.lock\" > /dev/null\nif [ $? != 0 ] ; then\n    # print error to STDERR\n    echo \"error: The sandbox is not in sync with the Podfile.lock. Run 'pod install' or update your CocoaPods installation.\" >&2\n    exit 1\nfi\n# This output is used by Xcode 'outputs' to avoid re-running this script phase.\necho \"SUCCESS\" > \"${SCRIPT_OUTPUT_FILE_0}\"\n";
			showEnvVarsInLog = 0;
		};
		5C6CE433DBC106042BCF5FA5 /* [CP] Embed Pods Frameworks */ = {
			isa = PBXShellScriptBuildPhase;
			buildActionMask = 2147483647;
			files = (
			);
			inputFileListPaths = (
				"${PODS_ROOT}/Target Support Files/Pods-BookStore/Pods-BookStore-frameworks-${CONFIGURATION}-input-files.xcfilelist",
			);
			name = "[CP] Embed Pods Frameworks";
			outputFileListPaths = (
				"${PODS_ROOT}/Target Support Files/Pods-BookStore/Pods-BookStore-frameworks-${CONFIGURATION}-output-files.xcfilelist",
			);
			runOnlyForDeploymentPostprocessing = 0;
			shellPath = /bin/sh;
			shellScript = "\"${PODS_ROOT}/Target Support Files/Pods-BookStore/Pods-BookStore-frameworks.sh\"\n";
			showEnvVarsInLog = 0;
		};
/* End PBXShellScriptBuildPhase section */

/* Begin PBXSourcesBuildPhase section */
		DD84788A25E587720085B3BA /* Sources */ = {
			isa = PBXSourcesBuildPhase;
			buildActionMask = 2147483647;
			files = (
				DD9E229A25EBD75200A78E63 /* InvoiceCell.swift in Sources */,
				624EDCC72643946F00696A7B /* UserObject.swift in Sources */,
				DD8478AE25E5EE530085B3BA /* OffersCell.swift in Sources */,
				DDA491B425E9BF800051BD27 /* CartVC.swift in Sources */,
				DDA491BD25E9C3C70051BD27 /* MovieCell.swift in Sources */,
				DD9E229F25EBD9FA00A78E63 /* InvoiceVC.swift in Sources */,
				DD84789225E587720085B3BA /* AppDelegate.swift in Sources */,
				DD8478B125E5F22D0085B3BA /* BookObject.swift in Sources */,
				DDA79F3425E9394000D6E3F4 /* BookVC.swift in Sources */,
				DD74591D25E67E1500B039AB /* HomeVC.swift in Sources */,
				DD84789C25E587720085B3BA /* BookStore.xcdatamodeld in Sources */,
				DD84789425E587720085B3BA /* SceneDelegate.swift in Sources */,
				DD986B8625E85EB30096E44E /* AddEditVC.swift in Sources */,
				DDFA3BC525E6B1BC0039AF84 /* SearchVC.swift in Sources */,
				DD6FCEB925E7FAD000619EF6 /* ViewAllVC.swift in Sources */,
				DD787CAD25EBE7DF00C3E85E /* SettingsVC.swift in Sources */,
			);
			runOnlyForDeploymentPostprocessing = 0;
		};
/* End PBXSourcesBuildPhase section */

/* Begin PBXVariantGroup section */
		DD84789725E587720085B3BA /* Main.storyboard */ = {
			isa = PBXVariantGroup;
			children = (
				DD84789825E587720085B3BA /* Base */,
			);
			name = Main.storyboard;
			sourceTree = "<group>";
		};
		DD84789F25E587750085B3BA /* LaunchScreen.storyboard */ = {
			isa = PBXVariantGroup;
			children = (
				DD8478A025E587750085B3BA /* Base */,
			);
			name = LaunchScreen.storyboard;
			sourceTree = "<group>";
		};
/* End PBXVariantGroup section */

/* Begin XCBuildConfiguration section */
		DD8478A325E587750085B3BA /* Debug */ = {
			isa = XCBuildConfiguration;
			buildSettings = {
				ALWAYS_SEARCH_USER_PATHS = NO;
				CLANG_ANALYZER_NONNULL = YES;
				CLANG_ANALYZER_NUMBER_OBJECT_CONVERSION = YES_AGGRESSIVE;
				CLANG_CXX_LANGUAGE_STANDARD = "gnu++14";
				CLANG_CXX_LIBRARY = "libc++";
				CLANG_ENABLE_MODULES = YES;
				CLANG_ENABLE_OBJC_ARC = YES;
				CLANG_ENABLE_OBJC_WEAK = YES;
				CLANG_WARN_BLOCK_CAPTURE_AUTORELEASING = YES;
				CLANG_WARN_BOOL_CONVERSION = YES;
				CLANG_WARN_COMMA = YES;
				CLANG_WARN_CONSTANT_CONVERSION = YES;
				CLANG_WARN_DEPRECATED_OBJC_IMPLEMENTATIONS = YES;
				CLANG_WARN_DIRECT_OBJC_ISA_USAGE = YES_ERROR;
				CLANG_WARN_DOCUMENTATION_COMMENTS = YES;
				CLANG_WARN_EMPTY_BODY = YES;
				CLANG_WARN_ENUM_CONVERSION = YES;
				CLANG_WARN_INFINITE_RECURSION = YES;
				CLANG_WARN_INT_CONVERSION = YES;
				CLANG_WARN_NON_LITERAL_NULL_CONVERSION = YES;
				CLANG_WARN_OBJC_IMPLICIT_RETAIN_SELF = YES;
				CLANG_WARN_OBJC_LITERAL_CONVERSION = YES;
				CLANG_WARN_OBJC_ROOT_CLASS = YES_ERROR;
				CLANG_WARN_QUOTED_INCLUDE_IN_FRAMEWORK_HEADER = YES;
				CLANG_WARN_RANGE_LOOP_ANALYSIS = YES;
				CLANG_WARN_STRICT_PROTOTYPES = YES;
				CLANG_WARN_SUSPICIOUS_MOVE = YES;
				CLANG_WARN_UNGUARDED_AVAILABILITY = YES_AGGRESSIVE;
				CLANG_WARN_UNREACHABLE_CODE = YES;
				CLANG_WARN__DUPLICATE_METHOD_MATCH = YES;
				COPY_PHASE_STRIP = NO;
				DEBUG_INFORMATION_FORMAT = dwarf;
				ENABLE_STRICT_OBJC_MSGSEND = YES;
				ENABLE_TESTABILITY = YES;
				GCC_C_LANGUAGE_STANDARD = gnu11;
				GCC_DYNAMIC_NO_PIC = NO;
				GCC_NO_COMMON_BLOCKS = YES;
				GCC_OPTIMIZATION_LEVEL = 0;
				GCC_PREPROCESSOR_DEFINITIONS = (
					"DEBUG=1",
					"$(inherited)",
				);
				GCC_WARN_64_TO_32_BIT_CONVERSION = YES;
				GCC_WARN_ABOUT_RETURN_TYPE = YES_ERROR;
				GCC_WARN_UNDECLARED_SELECTOR = YES;
				GCC_WARN_UNINITIALIZED_AUTOS = YES_AGGRESSIVE;
				GCC_WARN_UNUSED_FUNCTION = YES;
				GCC_WARN_UNUSED_VARIABLE = YES;
				IPHONEOS_DEPLOYMENT_TARGET = 14.0;
				MTL_ENABLE_DEBUG_INFO = INCLUDE_SOURCE;
				MTL_FAST_MATH = YES;
				ONLY_ACTIVE_ARCH = YES;
				SDKROOT = iphoneos;
				SWIFT_ACTIVE_COMPILATION_CONDITIONS = DEBUG;
				SWIFT_OPTIMIZATION_LEVEL = "-Onone";
			};
			name = Debug;
		};
		DD8478A425E587750085B3BA /* Release */ = {
			isa = XCBuildConfiguration;
			buildSettings = {
				ALWAYS_SEARCH_USER_PATHS = NO;
				CLANG_ANALYZER_NONNULL = YES;
				CLANG_ANALYZER_NUMBER_OBJECT_CONVERSION = YES_AGGRESSIVE;
				CLANG_CXX_LANGUAGE_STANDARD = "gnu++14";
				CLANG_CXX_LIBRARY = "libc++";
				CLANG_ENABLE_MODULES = YES;
				CLANG_ENABLE_OBJC_ARC = YES;
				CLANG_ENABLE_OBJC_WEAK = YES;
				CLANG_WARN_BLOCK_CAPTURE_AUTORELEASING = YES;
				CLANG_WARN_BOOL_CONVERSION = YES;
				CLANG_WARN_COMMA = YES;
				CLANG_WARN_CONSTANT_CONVERSION = YES;
				CLANG_WARN_DEPRECATED_OBJC_IMPLEMENTATIONS = YES;
				CLANG_WARN_DIRECT_OBJC_ISA_USAGE = YES_ERROR;
				CLANG_WARN_DOCUMENTATION_COMMENTS = YES;
				CLANG_WARN_EMPTY_BODY = YES;
				CLANG_WARN_ENUM_CONVERSION = YES;
				CLANG_WARN_INFINITE_RECURSION = YES;
				CLANG_WARN_INT_CONVERSION = YES;
				CLANG_WARN_NON_LITERAL_NULL_CONVERSION = YES;
				CLANG_WARN_OBJC_IMPLICIT_RETAIN_SELF = YES;
				CLANG_WARN_OBJC_LITERAL_CONVERSION = YES;
				CLANG_WARN_OBJC_ROOT_CLASS = YES_ERROR;
				CLANG_WARN_QUOTED_INCLUDE_IN_FRAMEWORK_HEADER = YES;
				CLANG_WARN_RANGE_LOOP_ANALYSIS = YES;
				CLANG_WARN_STRICT_PROTOTYPES = YES;
				CLANG_WARN_SUSPICIOUS_MOVE = YES;
				CLANG_WARN_UNGUARDED_AVAILABILITY = YES_AGGRESSIVE;
				CLANG_WARN_UNREACHABLE_CODE = YES;
				CLANG_WARN__DUPLICATE_METHOD_MATCH = YES;
				COPY_PHASE_STRIP = NO;
				DEBUG_INFORMATION_FORMAT = "dwarf-with-dsym";
				ENABLE_NS_ASSERTIONS = NO;
				ENABLE_STRICT_OBJC_MSGSEND = YES;
				GCC_C_LANGUAGE_STANDARD = gnu11;
				GCC_NO_COMMON_BLOCKS = YES;
				GCC_WARN_64_TO_32_BIT_CONVERSION = YES;
				GCC_WARN_ABOUT_RETURN_TYPE = YES_ERROR;
				GCC_WARN_UNDECLARED_SELECTOR = YES;
				GCC_WARN_UNINITIALIZED_AUTOS = YES_AGGRESSIVE;
				GCC_WARN_UNUSED_FUNCTION = YES;
				GCC_WARN_UNUSED_VARIABLE = YES;
				IPHONEOS_DEPLOYMENT_TARGET = 14.0;
				MTL_ENABLE_DEBUG_INFO = NO;
				MTL_FAST_MATH = YES;
				SDKROOT = iphoneos;
				SWIFT_COMPILATION_MODE = wholemodule;
				SWIFT_OPTIMIZATION_LEVEL = "-O";
				VALIDATE_PRODUCT = YES;
			};
			name = Release;
		};
		DD8478A625E587750085B3BA /* Debug */ = {
			isa = XCBuildConfiguration;
			baseConfigurationReference = 245E03C9F3481471A1E4A92B /* Pods-BookStore.debug.xcconfig */;
			buildSettings = {
				ASSETCATALOG_COMPILER_APPICON_NAME = AppIcon;
				ASSETCATALOG_COMPILER_GLOBAL_ACCENT_COLOR_NAME = AccentColor;
				CODE_SIGN_STYLE = Automatic;
				DEVELOPMENT_TEAM = A7S8PCJ345;
				INFOPLIST_FILE = BookStore/Info.plist;
				IPHONEOS_DEPLOYMENT_TARGET = 13.0;
				LD_RUNPATH_SEARCH_PATHS = (
					"$(inherited)",
					"@executable_path/Frameworks",
				);
				PRODUCT_BUNDLE_IDENTIFIER = com.AdelKazme.BookStore;
				PRODUCT_NAME = "$(TARGET_NAME)";
				SWIFT_VERSION = 5.0;
				TARGETED_DEVICE_FAMILY = "1,2";
			};
			name = Debug;
		};
		DD8478A725E587750085B3BA /* Release */ = {
			isa = XCBuildConfiguration;
			baseConfigurationReference = A151F87C41203B90D3D4E77D /* Pods-BookStore.release.xcconfig */;
			buildSettings = {
				ASSETCATALOG_COMPILER_APPICON_NAME = AppIcon;
				ASSETCATALOG_COMPILER_GLOBAL_ACCENT_COLOR_NAME = AccentColor;
				CODE_SIGN_STYLE = Automatic;
				DEVELOPMENT_TEAM = A7S8PCJ345;
				INFOPLIST_FILE = BookStore/Info.plist;
				IPHONEOS_DEPLOYMENT_TARGET = 13.0;
				LD_RUNPATH_SEARCH_PATHS = (
					"$(inherited)",
					"@executable_path/Frameworks",
				);
				PRODUCT_BUNDLE_IDENTIFIER = com.AdelKazme.BookStore;
				PRODUCT_NAME = "$(TARGET_NAME)";
				SWIFT_VERSION = 5.0;
				TARGETED_DEVICE_FAMILY = "1,2";
			};
			name = Release;
		};
/* End XCBuildConfiguration section */

/* Begin XCConfigurationList section */
		DD84788925E587720085B3BA /* Build configuration list for PBXProject "BookStore" */ = {
			isa = XCConfigurationList;
			buildConfigurations = (
				DD8478A325E587750085B3BA /* Debug */,
				DD8478A425E587750085B3BA /* Release */,
			);
			defaultConfigurationIsVisible = 0;
			defaultConfigurationName = Release;
		};
		DD8478A525E587750085B3BA /* Build configuration list for PBXNativeTarget "BookStore" */ = {
			isa = XCConfigurationList;
			buildConfigurations = (
				DD8478A625E587750085B3BA /* Debug */,
				DD8478A725E587750085B3BA /* Release */,
			);
			defaultConfigurationIsVisible = 0;
			defaultConfigurationName = Release;
		};
/* End XCConfigurationList section */

/* Begin XCVersionGroup section */
		DD84789A25E587720085B3BA /* BookStore.xcdatamodeld */ = {
			isa = XCVersionGroup;
			children = (
				DD84789B25E587720085B3BA /* BookStore.xcdatamodel */,
			);
			currentVersion = DD84789B25E587720085B3BA /* BookStore.xcdatamodel */;
			path = BookStore.xcdatamodeld;
			sourceTree = "<group>";
			versionGroupType = wrapper.xcdatamodel;
		};
/* End XCVersionGroup section */
	};
	rootObject = DD84788625E587720085B3BA /* Project object */;
}
